
Microsoft Visual Studio Solution File, Format Version 12.00
# Visual Studio 15
VisualStudioVersion = 15.0.27703.2026
MinimumVisualStudioVersion = 10.0.40219.1
Project("{FAE04EC0-301F-11D3-BF4B-00C04F79EFBC}") = "ElasticSearchExperiment", "ElasticSearchExperiment\ElasticSearchExperiment.csproj", "{D72354B1-CAAC-4E4B-8AE4-40ACD52FD30F}"
EndProject
Project("{FAE04EC0-301F-11D3-BF4B-00C04F79EFBC}") = "Speed", "Speed\Speed.csproj", "{AEF5E1C3-F593-44CD-8CE9-1DB4E28E7A93}"
EndProject
Global
	GlobalSection(SolutionConfigurationPlatforms) = preSolution
		Debug|Any CPU = Debug|Any CPU
		Release|Any CPU = Release|Any CPU
	EndGlobalSection
	GlobalSection(ProjectConfigurationPlatforms) = postSolution
		{D72354B1-CAAC-4E4B-8AE4-40ACD52FD30F}.Debug|Any CPU.ActiveCfg = Debug|Any CPU
		{D72354B1-CAAC-4E4B-8AE4-40ACD52FD30F}.Debug|Any CPU.Build.0 = Debug|Any CPU
		{D72354B1-CAAC-4E4B-8AE4-40ACD52FD30F}.Release|Any CPU.ActiveCfg = Release|Any CPU
		{D72354B1-CAAC-4E4B-8AE4-40ACD52FD30F}.Release|Any CPU.Build.0 = Release|Any CPU
		{AEF5E1C3-F593-44CD-8CE9-1DB4E28E7A93}.Debug|Any CPU.ActiveCfg = Debug|Any CPU
		{AEF5E1C3-F593-44CD-8CE9-1DB4E28E7A93}.Debug|Any CPU.Build.0 = Debug|Any CPU
		{AEF5E1C3-F593-44CD-8CE9-1DB4E28E7A93}.Release|Any CPU.ActiveCfg = Release|Any CPU
		{AEF5E1C3-F593-44CD-8CE9-1DB4E28E7A93}.Release|Any CPU.Build.0 = Release|Any CPU
	EndGlobalSection
	GlobalSection(SolutionProperties) = preSolution
		HideSolutionNode = FALSE
	EndGlobalSection
	GlobalSection(ExtensibilityGlobals) = postSolution
		SolutionGuid = {0D9F6037-1EDF-4105-B25E-E1BB3476614F}
	EndGlobalSection
EndGlobal
